
Microsoft Visual Studio Solution File, Format Version 12.00
# Visual Studio Version 16
VisualStudioVersion = 16.0.30523.141
MinimumVisualStudioVersion = 10.0.40219.1
Project("{FAE04EC0-301F-11D3-BF4B-00C04F79EFBC}") = "FileConverter", "FileConverter\FileConverter.csproj", "{C0DCC10D-FB77-4F8E-A15A-7F9797311764}"
EndProject
Global
	GlobalSection(SolutionConfigurationPlatforms) = preSolution
		Debug|Any CPU = Debug|Any CPU
		Release|Any CPU = Release|Any CPU
	EndGlobalSection
	GlobalSection(ProjectConfigurationPlatforms) = postSolution
		{C0DCC10D-FB77-4F8E-A15A-7F9797311764}.Debug|Any CPU.ActiveCfg = Debug|Any CPU
		{C0DCC10D-FB77-4F8E-A15A-7F9797311764}.Debug|Any CPU.Build.0 = Debug|Any CPU
		{C0DCC10D-FB77-4F8E-A15A-7F9797311764}.Release|Any CPU.ActiveCfg = Release|Any CPU
		{C0DCC10D-FB77-4F8E-A15A-7F9797311764}.Release|Any CPU.Build.0 = Release|Any CPU
	EndGlobalSection
	GlobalSection(SolutionProperties) = preSolution
		HideSolutionNode = FALSE
	EndGlobalSection
	GlobalSection(ExtensibilityGlobals) = postSolution
		SolutionGuid = {D0CBACBC-B4A5-4AEB-9E82-5137C826C746}
	EndGlobalSection
EndGlobal
